
Microsoft Visual Studio Solution File, Format Version 12.00
# Visual Studio 2013
VisualStudioVersion = 12.0.30723.0
MinimumVisualStudioVersion = 10.0.40219.1
Project("{FAE04EC0-301F-11D3-BF4B-00C04F79EFBC}") = "Hanno.Pcl", "Hanno.Pcl\Hanno.Pcl.csproj", "{D2D485CD-2EAD-48ED-A8CD-ABE6971C6D63}"
EndProject
Project("{FAE04EC0-301F-11D3-BF4B-00C04F79EFBC}") = "Hanno.Net45", "Hanno.Net45\Hanno.Net45.csproj", "{4B04FFB2-72C6-4E69-B109-503762D4A349}"
EndProject
Project("{2150E333-8FDC-42A3-9474-1A3956D46DE8}") = "Hanno", "Hanno", "{A60534A9-D488-4302-B7EE-7682734ECB4A}"
EndProject
Project("{2150E333-8FDC-42A3-9474-1A3956D46DE8}") = "TestsFramework", "TestsFramework", "{BE1D08FD-04FF-4717-BC96-58BA7600FFC9}"
EndProject
Project("{FAE04EC0-301F-11D3-BF4B-00C04F79EFBC}") = "Hanno.Pcl.MVVM", "Hanno.Pcl.MVVM\Hanno.Pcl.MVVM.csproj", "{B7B7C861-3C9D-4E1F-AB07-3F60FB4A181B}"
EndProject
Project("{FAE04EC0-301F-11D3-BF4B-00C04F79EFBC}") = "Hanno.Pcl.MVVM.Tests.Unit", "Hanno.Pcl.MVVM.Tests.Unit\Hanno.Pcl.MVVM.Tests.Unit.csproj", "{5FC2037D-D2C5-421F-936E-74E4FE1D7639}"
EndProject
Project("{FAE04EC0-301F-11D3-BF4B-00C04F79EFBC}") = "Hanno.Testing.Autofixture", "Hanno.Testing.Autofixture\Hanno.Testing.Autofixture.csproj", "{6179242A-BB3C-4799-AA4C-11F7A1C9B3F2}"
EndProject
Project("{FAE04EC0-301F-11D3-BF4B-00C04F79EFBC}") = "Hanno.Pcl.Rx", "Hanno.Pcl.Rx\Hanno.Pcl.Rx.csproj", "{A0A262F6-B8E6-489C-80BF-82F08262FAE7}"
EndProject
Project("{FAE04EC0-301F-11D3-BF4B-00C04F79EFBC}") = "Hanno.Pcl.Tests", "Hanno.Pcl.Tests\Hanno.Pcl.Tests.csproj", "{33D96D0A-148E-4CAF-802C-CD03000A409E}"
EndProject
Project("{FAE04EC0-301F-11D3-BF4B-00C04F79EFBC}") = "Hanno.Net45.Rx", "Hanno.Net45.Rx\Hanno.Net45.Rx.csproj", "{4C1581BD-7EF2-4851-B187-038B7CD430FF}"
EndProject
Project("{FAE04EC0-301F-11D3-BF4B-00C04F79EFBC}") = "Hanno.Pcl.Rx.Tests", "Hanno.Pcl.Rx.Tests\Hanno.Pcl.Rx.Tests.csproj", "{FB11610D-ADCE-40BE-9B90-689C69E10F62}"
EndProject
Project("{FAE04EC0-301F-11D3-BF4B-00C04F79EFBC}") = "Hanno.Net45.MVVM", "Hanno.Net45.MVVM\Hanno.Net45.MVVM.csproj", "{6F94D313-F7D8-4440-95F4-302FD9B7436E}"
EndProject
Project("{FAE04EC0-301F-11D3-BF4B-00C04F79EFBC}") = "Hanno.Pcl.Http", "Hanno.Pcl.Http\Hanno.Pcl.Http.csproj", "{7CE4FEB5-C348-4296-9CB2-9AF01A335828}"
EndProject
Project("{FAE04EC0-301F-11D3-BF4B-00C04F79EFBC}") = "Hanno.Pcl.Http.Tests", "Hanno.Pcl.Http.Tests\Hanno.Pcl.Http.Tests.csproj", "{399D86B7-378F-4775-B20A-FB7414B04A63}"
EndProject
Project("{FAE04EC0-301F-11D3-BF4B-00C04F79EFBC}") = "Hanno.Net45.MVVM.Unity", "Hanno.Net45.MVVM.Unity\Hanno.Net45.MVVM.Unity.csproj", "{9778EEDE-FB58-4A78-A2C0-45571443806D}"
EndProject
Project("{FAE04EC0-301F-11D3-BF4B-00C04F79EFBC}") = "TestWindowsPhone", "TestWindowsPhone\TestWindowsPhone.csproj", "{FD8027A7-6ABA-4A3B-B4F3-26878CC2A58D}"
EndProject
Project("{FAE04EC0-301F-11D3-BF4B-00C04F79EFBC}") = "Hanno.Pcl.Json", "Hanno.Pcl.Json\Hanno.Pcl.Json.csproj", "{D02822BC-3664-48CA-A332-1E2B40BB0E20}"
EndProject
Project("{FAE04EC0-301F-11D3-BF4B-00C04F79EFBC}") = "Hanno.Phone.MVVM", "Hanno.Phone.MVVM\Hanno.Phone.MVVM.csproj", "{D2340702-766A-4A66-97EA-B0851969A260}"
EndProject
Project("{FAE04EC0-301F-11D3-BF4B-00C04F79EFBC}") = "Hanno.Phone.Rx", "Hanno.Phone.Rx\Hanno.Phone.Rx.csproj", "{6B2F1A1B-DAD9-44B9-B2FF-C51DD95A257D}"
EndProject
Project("{FAE04EC0-301F-11D3-BF4B-00C04F79EFBC}") = "Hanno.Phone", "Hanno.Phone\Hanno.Phone.csproj", "{5846644E-AFC9-4473-9908-724F44F7584D}"
EndProject
Project("{FAE04EC0-301F-11D3-BF4B-00C04F79EFBC}") = "Hanno.Mobile", "Hanno.Mobile\Hanno.Mobile.csproj", "{06634DC6-B909-4D93-A32B-9CE5F2C13DD8}"
EndProject
Project("{FAE04EC0-301F-11D3-BF4B-00C04F79EFBC}") = "Hanno.Phone.Mobile", "Hanno.Phone.Mobile\Hanno.Phone.Mobile.csproj", "{9FCFFE86-A57F-47A8-9DA3-7E0087254265}"
EndProject
Project("{2150E333-8FDC-42A3-9474-1A3956D46DE8}") = "TestsApp", "TestsApp", "{7C52ADB7-99FB-4133-A53E-D4AAED737928}"
EndProject
Project("{2150E333-8FDC-42A3-9474-1A3956D46DE8}") = "TestUniversalApp", "TestUniversalApp", "{18E1A521-FFF9-4341-96B9-75ABC2D8CC06}"
EndProject
Project("{D954291E-2A0B-460D-934E-DC6B0785DB48}") = "TestUniversalApp.Shared", "TestUniversalApp\TestUniversalApp.Shared\TestUniversalApp.Shared.shproj", "{EE3FC4E5-BF52-47E9-B7EE-5614B8E97489}"
EndProject
Project("{FAE04EC0-301F-11D3-BF4B-00C04F79EFBC}") = "TestUniversalApp.Windows", "TestUniversalApp\TestUniversalApp.Windows\TestUniversalApp.Windows.csproj", "{10A25EFD-F855-46B7-8D7C-2639B714DFA3}"
EndProject
Project("{FAE04EC0-301F-11D3-BF4B-00C04F79EFBC}") = "TestUniversalApp.WindowsPhone", "TestUniversalApp\TestUniversalApp.WindowsPhone\TestUniversalApp.WindowsPhone.csproj", "{7DFBFC27-74C2-469F-B519-0D4D70F5D23B}"
EndProject
Project("{FAE04EC0-301F-11D3-BF4B-00C04F79EFBC}") = "Hanno.Unity", "Hanno.Unity\Hanno.Unity.csproj", "{B751B1DC-8712-45EE-B820-42631C9B2F2E}"
EndProject
Project("{FAE04EC0-301F-11D3-BF4B-00C04F79EFBC}") = "Hanno.WinRT", "Hanno.WinRT\Hanno.WinRT.csproj", "{8E27B9F7-AF62-4479-9A2E-0E834BB04DEE}"
EndProject
Project("{FAE04EC0-301F-11D3-BF4B-00C04F79EFBC}") = "Hannot.WinRT.Tests", "Hannot.WinRT.Tests\Hannot.WinRT.Tests.csproj", "{E278499A-0F11-43BC-BF2A-61FBA3029E36}"
EndProject
Project("{FAE04EC0-301F-11D3-BF4B-00C04F79EFBC}") = "Hanno.WindowsStore", "Hanno.WindowsStore\Hanno.WindowsStore.csproj", "{B19D6357-FF08-4040-977C-7676E1FF4AF2}"
EndProject
Global
	GlobalSection(SharedMSBuildProjectFiles) = preSolution
		TestUniversalApp\TestUniversalApp.Shared\TestUniversalApp.Shared.projitems*{10a25efd-f855-46b7-8d7c-2639b714dfa3}*SharedItemsImports = 4
		TestUniversalApp\TestUniversalApp.Shared\TestUniversalApp.Shared.projitems*{7dfbfc27-74c2-469f-b519-0d4d70f5d23b}*SharedItemsImports = 4
		TestUniversalApp\TestUniversalApp.Shared\TestUniversalApp.Shared.projitems*{ee3fc4e5-bf52-47e9-b7ee-5614b8e97489}*SharedItemsImports = 13
	EndGlobalSection
	GlobalSection(SolutionConfigurationPlatforms) = preSolution
		Debug|Any CPU = Debug|Any CPU
		Debug|ARM = Debug|ARM
		Debug|x64 = Debug|x64
		Debug|x86 = Debug|x86
		Release|Any CPU = Release|Any CPU
		Release|ARM = Release|ARM
		Release|x64 = Release|x64
		Release|x86 = Release|x86
	EndGlobalSection
	GlobalSection(ProjectConfigurationPlatforms) = postSolution
		{D2D485CD-2EAD-48ED-A8CD-ABE6971C6D63}.Debug|Any CPU.ActiveCfg = Debug|Any CPU
		{D2D485CD-2EAD-48ED-A8CD-ABE6971C6D63}.Debug|Any CPU.Build.0 = Debug|Any CPU
		{D2D485CD-2EAD-48ED-A8CD-ABE6971C6D63}.Debug|ARM.ActiveCfg = Debug|Any CPU
		{D2D485CD-2EAD-48ED-A8CD-ABE6971C6D63}.Debug|ARM.Build.0 = Debug|Any CPU
		{D2D485CD-2EAD-48ED-A8CD-ABE6971C6D63}.Debug|x64.ActiveCfg = Debug|Any CPU
		{D2D485CD-2EAD-48ED-A8CD-ABE6971C6D63}.Debug|x86.ActiveCfg = Debug|Any CPU
		{D2D485CD-2EAD-48ED-A8CD-ABE6971C6D63}.Debug|x86.Build.0 = Debug|Any CPU
		{D2D485CD-2EAD-48ED-A8CD-ABE6971C6D63}.Release|Any CPU.ActiveCfg = Release|Any CPU
		{D2D485CD-2EAD-48ED-A8CD-ABE6971C6D63}.Release|Any CPU.Build.0 = Release|Any CPU
		{D2D485CD-2EAD-48ED-A8CD-ABE6971C6D63}.Release|ARM.ActiveCfg = Release|Any CPU
		{D2D485CD-2EAD-48ED-A8CD-ABE6971C6D63}.Release|x64.ActiveCfg = Release|Any CPU
		{D2D485CD-2EAD-48ED-A8CD-ABE6971C6D63}.Release|x86.ActiveCfg = Release|Any CPU
		{4B04FFB2-72C6-4E69-B109-503762D4A349}.Debug|Any CPU.ActiveCfg = Debug|Any CPU
		{4B04FFB2-72C6-4E69-B109-503762D4A349}.Debug|Any CPU.Build.0 = Debug|Any CPU
		{4B04FFB2-72C6-4E69-B109-503762D4A349}.Debug|ARM.ActiveCfg = Debug|Any CPU
		{4B04FFB2-72C6-4E69-B109-503762D4A349}.Debug|x64.ActiveCfg = Debug|Any CPU
		{4B04FFB2-72C6-4E69-B109-503762D4A349}.Debug|x86.ActiveCfg = Debug|Any CPU
		{4B04FFB2-72C6-4E69-B109-503762D4A349}.Debug|x86.Build.0 = Debug|Any CPU
		{4B04FFB2-72C6-4E69-B109-503762D4A349}.Release|Any CPU.ActiveCfg = Release|Any CPU
		{4B04FFB2-72C6-4E69-B109-503762D4A349}.Release|Any CPU.Build.0 = Release|Any CPU
		{4B04FFB2-72C6-4E69-B109-503762D4A349}.Release|ARM.ActiveCfg = Release|Any CPU
		{4B04FFB2-72C6-4E69-B109-503762D4A349}.Release|x64.ActiveCfg = Release|Any CPU
		{4B04FFB2-72C6-4E69-B109-503762D4A349}.Release|x86.ActiveCfg = Release|Any CPU
		{B7B7C861-3C9D-4E1F-AB07-3F60FB4A181B}.Debug|Any CPU.ActiveCfg = Debug|Any CPU
		{B7B7C861-3C9D-4E1F-AB07-3F60FB4A181B}.Debug|Any CPU.Build.0 = Debug|Any CPU
		{B7B7C861-3C9D-4E1F-AB07-3F60FB4A181B}.Debug|ARM.ActiveCfg = Debug|Any CPU
		{B7B7C861-3C9D-4E1F-AB07-3F60FB4A181B}.Debug|ARM.Build.0 = Debug|Any CPU
		{B7B7C861-3C9D-4E1F-AB07-3F60FB4A181B}.Debug|x64.ActiveCfg = Debug|Any CPU
		{B7B7C861-3C9D-4E1F-AB07-3F60FB4A181B}.Debug|x86.ActiveCfg = Debug|Any CPU
		{B7B7C861-3C9D-4E1F-AB07-3F60FB4A181B}.Debug|x86.Build.0 = Debug|Any CPU
		{B7B7C861-3C9D-4E1F-AB07-3F60FB4A181B}.Release|Any CPU.ActiveCfg = Release|Any CPU
		{B7B7C861-3C9D-4E1F-AB07-3F60FB4A181B}.Release|Any CPU.Build.0 = Release|Any CPU
		{B7B7C861-3C9D-4E1F-AB07-3F60FB4A181B}.Release|ARM.ActiveCfg = Release|Any CPU
		{B7B7C861-3C9D-4E1F-AB07-3F60FB4A181B}.Release|x64.ActiveCfg = Release|Any CPU
		{B7B7C861-3C9D-4E1F-AB07-3F60FB4A181B}.Release|x86.ActiveCfg = Release|Any CPU
		{5FC2037D-D2C5-421F-936E-74E4FE1D7639}.Debug|Any CPU.ActiveCfg = Debug|Any CPU
		{5FC2037D-D2C5-421F-936E-74E4FE1D7639}.Debug|Any CPU.Build.0 = Debug|Any CPU
		{5FC2037D-D2C5-421F-936E-74E4FE1D7639}.Debug|ARM.ActiveCfg = Debug|Any CPU
		{5FC2037D-D2C5-421F-936E-74E4FE1D7639}.Debug|x64.ActiveCfg = Debug|Any CPU
		{5FC2037D-D2C5-421F-936E-74E4FE1D7639}.Debug|x86.ActiveCfg = Debug|Any CPU
		{5FC2037D-D2C5-421F-936E-74E4FE1D7639}.Debug|x86.Build.0 = Debug|Any CPU
		{5FC2037D-D2C5-421F-936E-74E4FE1D7639}.Release|Any CPU.ActiveCfg = Release|Any CPU
		{5FC2037D-D2C5-421F-936E-74E4FE1D7639}.Release|Any CPU.Build.0 = Release|Any CPU
		{5FC2037D-D2C5-421F-936E-74E4FE1D7639}.Release|ARM.ActiveCfg = Release|Any CPU
		{5FC2037D-D2C5-421F-936E-74E4FE1D7639}.Release|x64.ActiveCfg = Release|Any CPU
		{5FC2037D-D2C5-421F-936E-74E4FE1D7639}.Release|x86.ActiveCfg = Release|Any CPU
		{6179242A-BB3C-4799-AA4C-11F7A1C9B3F2}.Debug|Any CPU.ActiveCfg = Debug|Any CPU
		{6179242A-BB3C-4799-AA4C-11F7A1C9B3F2}.Debug|Any CPU.Build.0 = Debug|Any CPU
		{6179242A-BB3C-4799-AA4C-11F7A1C9B3F2}.Debug|ARM.ActiveCfg = Debug|Any CPU
		{6179242A-BB3C-4799-AA4C-11F7A1C9B3F2}.Debug|x64.ActiveCfg = Debug|Any CPU
		{6179242A-BB3C-4799-AA4C-11F7A1C9B3F2}.Debug|x86.ActiveCfg = Debug|Any CPU
		{6179242A-BB3C-4799-AA4C-11F7A1C9B3F2}.Debug|x86.Build.0 = Debug|Any CPU
		{6179242A-BB3C-4799-AA4C-11F7A1C9B3F2}.Release|Any CPU.ActiveCfg = Release|Any CPU
		{6179242A-BB3C-4799-AA4C-11F7A1C9B3F2}.Release|Any CPU.Build.0 = Release|Any CPU
		{6179242A-BB3C-4799-AA4C-11F7A1C9B3F2}.Release|ARM.ActiveCfg = Release|Any CPU
		{6179242A-BB3C-4799-AA4C-11F7A1C9B3F2}.Release|x64.ActiveCfg = Release|Any CPU
		{6179242A-BB3C-4799-AA4C-11F7A1C9B3F2}.Release|x86.ActiveCfg = Release|Any CPU
		{A0A262F6-B8E6-489C-80BF-82F08262FAE7}.Debug|Any CPU.ActiveCfg = Debug|Any CPU
		{A0A262F6-B8E6-489C-80BF-82F08262FAE7}.Debug|Any CPU.Build.0 = Debug|Any CPU
		{A0A262F6-B8E6-489C-80BF-82F08262FAE7}.Debug|ARM.ActiveCfg = Debug|Any CPU
		{A0A262F6-B8E6-489C-80BF-82F08262FAE7}.Debug|ARM.Build.0 = Debug|Any CPU
		{A0A262F6-B8E6-489C-80BF-82F08262FAE7}.Debug|x64.ActiveCfg = Debug|Any CPU
		{A0A262F6-B8E6-489C-80BF-82F08262FAE7}.Debug|x86.ActiveCfg = Debug|Any CPU
		{A0A262F6-B8E6-489C-80BF-82F08262FAE7}.Debug|x86.Build.0 = Debug|Any CPU
		{A0A262F6-B8E6-489C-80BF-82F08262FAE7}.Release|Any CPU.ActiveCfg = Release|Any CPU
		{A0A262F6-B8E6-489C-80BF-82F08262FAE7}.Release|Any CPU.Build.0 = Release|Any CPU
		{A0A262F6-B8E6-489C-80BF-82F08262FAE7}.Release|ARM.ActiveCfg = Release|Any CPU
		{A0A262F6-B8E6-489C-80BF-82F08262FAE7}.Release|x64.ActiveCfg = Release|Any CPU
		{A0A262F6-B8E6-489C-80BF-82F08262FAE7}.Release|x86.ActiveCfg = Release|Any CPU
		{33D96D0A-148E-4CAF-802C-CD03000A409E}.Debug|Any CPU.ActiveCfg = Debug|Any CPU
		{33D96D0A-148E-4CAF-802C-CD03000A409E}.Debug|Any CPU.Build.0 = Debug|Any CPU
		{33D96D0A-148E-4CAF-802C-CD03000A409E}.Debug|ARM.ActiveCfg = Debug|Any CPU
		{33D96D0A-148E-4CAF-802C-CD03000A409E}.Debug|x64.ActiveCfg = Debug|Any CPU
		{33D96D0A-148E-4CAF-802C-CD03000A409E}.Debug|x86.ActiveCfg = Debug|Any CPU
		{33D96D0A-148E-4CAF-802C-CD03000A409E}.Debug|x86.Build.0 = Debug|Any CPU
		{33D96D0A-148E-4CAF-802C-CD03000A409E}.Release|Any CPU.ActiveCfg = Release|Any CPU
		{33D96D0A-148E-4CAF-802C-CD03000A409E}.Release|Any CPU.Build.0 = Release|Any CPU
		{33D96D0A-148E-4CAF-802C-CD03000A409E}.Release|ARM.ActiveCfg = Release|Any CPU
		{33D96D0A-148E-4CAF-802C-CD03000A409E}.Release|x64.ActiveCfg = Release|Any CPU
		{33D96D0A-148E-4CAF-802C-CD03000A409E}.Release|x86.ActiveCfg = Release|Any CPU
		{4C1581BD-7EF2-4851-B187-038B7CD430FF}.Debug|Any CPU.ActiveCfg = Debug|Any CPU
		{4C1581BD-7EF2-4851-B187-038B7CD430FF}.Debug|Any CPU.Build.0 = Debug|Any CPU
		{4C1581BD-7EF2-4851-B187-038B7CD430FF}.Debug|ARM.ActiveCfg = Debug|Any CPU
		{4C1581BD-7EF2-4851-B187-038B7CD430FF}.Debug|x64.ActiveCfg = Debug|Any CPU
		{4C1581BD-7EF2-4851-B187-038B7CD430FF}.Debug|x86.ActiveCfg = Debug|Any CPU
		{4C1581BD-7EF2-4851-B187-038B7CD430FF}.Debug|x86.Build.0 = Debug|Any CPU
		{4C1581BD-7EF2-4851-B187-038B7CD430FF}.Release|Any CPU.ActiveCfg = Release|Any CPU
		{4C1581BD-7EF2-4851-B187-038B7CD430FF}.Release|Any CPU.Build.0 = Release|Any CPU
		{4C1581BD-7EF2-4851-B187-038B7CD430FF}.Release|ARM.ActiveCfg = Release|Any CPU
		{4C1581BD-7EF2-4851-B187-038B7CD430FF}.Release|x64.ActiveCfg = Release|Any CPU
		{4C1581BD-7EF2-4851-B187-038B7CD430FF}.Release|x86.ActiveCfg = Release|Any CPU
		{FB11610D-ADCE-40BE-9B90-689C69E10F62}.Debug|Any CPU.ActiveCfg = Debug|Any CPU
		{FB11610D-ADCE-40BE-9B90-689C69E10F62}.Debug|Any CPU.Build.0 = Debug|Any CPU
		{FB11610D-ADCE-40BE-9B90-689C69E10F62}.Debug|ARM.ActiveCfg = Debug|Any CPU
		{FB11610D-ADCE-40BE-9B90-689C69E10F62}.Debug|x64.ActiveCfg = Debug|Any CPU
		{FB11610D-ADCE-40BE-9B90-689C69E10F62}.Debug|x86.ActiveCfg = Debug|Any CPU
		{FB11610D-ADCE-40BE-9B90-689C69E10F62}.Debug|x86.Build.0 = Debug|Any CPU
		{FB11610D-ADCE-40BE-9B90-689C69E10F62}.Release|Any CPU.ActiveCfg = Release|Any CPU
		{FB11610D-ADCE-40BE-9B90-689C69E10F62}.Release|Any CPU.Build.0 = Release|Any CPU
		{FB11610D-ADCE-40BE-9B90-689C69E10F62}.Release|ARM.ActiveCfg = Release|Any CPU
		{FB11610D-ADCE-40BE-9B90-689C69E10F62}.Release|x64.ActiveCfg = Release|Any CPU
		{FB11610D-ADCE-40BE-9B90-689C69E10F62}.Release|x86.ActiveCfg = Release|Any CPU
		{6F94D313-F7D8-4440-95F4-302FD9B7436E}.Debug|Any CPU.ActiveCfg = Debug|Any CPU
		{6F94D313-F7D8-4440-95F4-302FD9B7436E}.Debug|Any CPU.Build.0 = Debug|Any CPU
		{6F94D313-F7D8-4440-95F4-302FD9B7436E}.Debug|ARM.ActiveCfg = Debug|Any CPU
		{6F94D313-F7D8-4440-95F4-302FD9B7436E}.Debug|x64.ActiveCfg = Debug|Any CPU
		{6F94D313-F7D8-4440-95F4-302FD9B7436E}.Debug|x86.ActiveCfg = Debug|Any CPU
		{6F94D313-F7D8-4440-95F4-302FD9B7436E}.Debug|x86.Build.0 = Debug|Any CPU
		{6F94D313-F7D8-4440-95F4-302FD9B7436E}.Release|Any CPU.ActiveCfg = Release|Any CPU
		{6F94D313-F7D8-4440-95F4-302FD9B7436E}.Release|Any CPU.Build.0 = Release|Any CPU
		{6F94D313-F7D8-4440-95F4-302FD9B7436E}.Release|ARM.ActiveCfg = Release|Any CPU
		{6F94D313-F7D8-4440-95F4-302FD9B7436E}.Release|x64.ActiveCfg = Release|Any CPU
		{6F94D313-F7D8-4440-95F4-302FD9B7436E}.Release|x86.ActiveCfg = Release|Any CPU
		{7CE4FEB5-C348-4296-9CB2-9AF01A335828}.Debug|Any CPU.ActiveCfg = Debug|Any CPU
		{7CE4FEB5-C348-4296-9CB2-9AF01A335828}.Debug|Any CPU.Build.0 = Debug|Any CPU
		{7CE4FEB5-C348-4296-9CB2-9AF01A335828}.Debug|ARM.ActiveCfg = Debug|Any CPU
		{7CE4FEB5-C348-4296-9CB2-9AF01A335828}.Debug|ARM.Build.0 = Debug|Any CPU
		{7CE4FEB5-C348-4296-9CB2-9AF01A335828}.Debug|x64.ActiveCfg = Debug|Any CPU
		{7CE4FEB5-C348-4296-9CB2-9AF01A335828}.Debug|x86.ActiveCfg = Debug|Any CPU
		{7CE4FEB5-C348-4296-9CB2-9AF01A335828}.Debug|x86.Build.0 = Debug|Any CPU
		{7CE4FEB5-C348-4296-9CB2-9AF01A335828}.Release|Any CPU.ActiveCfg = Release|Any CPU
		{7CE4FEB5-C348-4296-9CB2-9AF01A335828}.Release|Any CPU.Build.0 = Release|Any CPU
		{7CE4FEB5-C348-4296-9CB2-9AF01A335828}.Release|ARM.ActiveCfg = Release|Any CPU
		{7CE4FEB5-C348-4296-9CB2-9AF01A335828}.Release|x64.ActiveCfg = Release|Any CPU
		{7CE4FEB5-C348-4296-9CB2-9AF01A335828}.Release|x86.ActiveCfg = Release|Any CPU
		{399D86B7-378F-4775-B20A-FB7414B04A63}.Debug|Any CPU.ActiveCfg = Debug|Any CPU
		{399D86B7-378F-4775-B20A-FB7414B04A63}.Debug|Any CPU.Build.0 = Debug|Any CPU
		{399D86B7-378F-4775-B20A-FB7414B04A63}.Debug|ARM.ActiveCfg = Debug|Any CPU
		{399D86B7-378F-4775-B20A-FB7414B04A63}.Debug|x64.ActiveCfg = Debug|Any CPU
		{399D86B7-378F-4775-B20A-FB7414B04A63}.Debug|x86.ActiveCfg = Debug|Any CPU
		{399D86B7-378F-4775-B20A-FB7414B04A63}.Debug|x86.Build.0 = Debug|Any CPU
		{399D86B7-378F-4775-B20A-FB7414B04A63}.Release|Any CPU.ActiveCfg = Release|Any CPU
		{399D86B7-378F-4775-B20A-FB7414B04A63}.Release|Any CPU.Build.0 = Release|Any CPU
		{399D86B7-378F-4775-B20A-FB7414B04A63}.Release|ARM.ActiveCfg = Release|Any CPU
		{399D86B7-378F-4775-B20A-FB7414B04A63}.Release|x64.ActiveCfg = Release|Any CPU
		{399D86B7-378F-4775-B20A-FB7414B04A63}.Release|x86.ActiveCfg = Release|Any CPU
		{9778EEDE-FB58-4A78-A2C0-45571443806D}.Debug|Any CPU.ActiveCfg = Debug|Any CPU
		{9778EEDE-FB58-4A78-A2C0-45571443806D}.Debug|Any CPU.Build.0 = Debug|Any CPU
		{9778EEDE-FB58-4A78-A2C0-45571443806D}.Debug|ARM.ActiveCfg = Debug|Any CPU
		{9778EEDE-FB58-4A78-A2C0-45571443806D}.Debug|x64.ActiveCfg = Debug|Any CPU
		{9778EEDE-FB58-4A78-A2C0-45571443806D}.Debug|x86.ActiveCfg = Debug|Any CPU
		{9778EEDE-FB58-4A78-A2C0-45571443806D}.Debug|x86.Build.0 = Debug|Any CPU
		{9778EEDE-FB58-4A78-A2C0-45571443806D}.Release|Any CPU.ActiveCfg = Release|Any CPU
		{9778EEDE-FB58-4A78-A2C0-45571443806D}.Release|Any CPU.Build.0 = Release|Any CPU
		{9778EEDE-FB58-4A78-A2C0-45571443806D}.Release|ARM.ActiveCfg = Release|Any CPU
		{9778EEDE-FB58-4A78-A2C0-45571443806D}.Release|x64.ActiveCfg = Release|Any CPU
		{9778EEDE-FB58-4A78-A2C0-45571443806D}.Release|x86.ActiveCfg = Release|Any CPU
		{FD8027A7-6ABA-4A3B-B4F3-26878CC2A58D}.Debug|Any CPU.ActiveCfg = Debug|Any CPU
		{FD8027A7-6ABA-4A3B-B4F3-26878CC2A58D}.Debug|Any CPU.Build.0 = Debug|Any CPU
		{FD8027A7-6ABA-4A3B-B4F3-26878CC2A58D}.Debug|Any CPU.Deploy.0 = Debug|Any CPU
		{FD8027A7-6ABA-4A3B-B4F3-26878CC2A58D}.Debug|ARM.ActiveCfg = Debug|ARM
		{FD8027A7-6ABA-4A3B-B4F3-26878CC2A58D}.Debug|ARM.Build.0 = Debug|ARM
		{FD8027A7-6ABA-4A3B-B4F3-26878CC2A58D}.Debug|ARM.Deploy.0 = Debug|ARM
		{FD8027A7-6ABA-4A3B-B4F3-26878CC2A58D}.Debug|x64.ActiveCfg = Debug|Any CPU
		{FD8027A7-6ABA-4A3B-B4F3-26878CC2A58D}.Debug|x86.ActiveCfg = Debug|x86
		{FD8027A7-6ABA-4A3B-B4F3-26878CC2A58D}.Debug|x86.Build.0 = Debug|x86
		{FD8027A7-6ABA-4A3B-B4F3-26878CC2A58D}.Debug|x86.Deploy.0 = Debug|x86
		{FD8027A7-6ABA-4A3B-B4F3-26878CC2A58D}.Release|Any CPU.ActiveCfg = Release|Any CPU
		{FD8027A7-6ABA-4A3B-B4F3-26878CC2A58D}.Release|Any CPU.Build.0 = Release|Any CPU
		{FD8027A7-6ABA-4A3B-B4F3-26878CC2A58D}.Release|Any CPU.Deploy.0 = Release|Any CPU
		{FD8027A7-6ABA-4A3B-B4F3-26878CC2A58D}.Release|ARM.ActiveCfg = Release|ARM
		{FD8027A7-6ABA-4A3B-B4F3-26878CC2A58D}.Release|ARM.Build.0 = Release|ARM
		{FD8027A7-6ABA-4A3B-B4F3-26878CC2A58D}.Release|ARM.Deploy.0 = Release|ARM
		{FD8027A7-6ABA-4A3B-B4F3-26878CC2A58D}.Release|x64.ActiveCfg = Release|Any CPU
		{FD8027A7-6ABA-4A3B-B4F3-26878CC2A58D}.Release|x86.ActiveCfg = Release|x86
		{FD8027A7-6ABA-4A3B-B4F3-26878CC2A58D}.Release|x86.Build.0 = Release|x86
		{FD8027A7-6ABA-4A3B-B4F3-26878CC2A58D}.Release|x86.Deploy.0 = Release|x86
		{D02822BC-3664-48CA-A332-1E2B40BB0E20}.Debug|Any CPU.ActiveCfg = Debug|Any CPU
		{D02822BC-3664-48CA-A332-1E2B40BB0E20}.Debug|Any CPU.Build.0 = Debug|Any CPU
		{D02822BC-3664-48CA-A332-1E2B40BB0E20}.Debug|ARM.ActiveCfg = Debug|Any CPU
		{D02822BC-3664-48CA-A332-1E2B40BB0E20}.Debug|ARM.Build.0 = Debug|Any CPU
		{D02822BC-3664-48CA-A332-1E2B40BB0E20}.Debug|x64.ActiveCfg = Debug|Any CPU
		{D02822BC-3664-48CA-A332-1E2B40BB0E20}.Debug|x86.ActiveCfg = Debug|Any CPU
		{D02822BC-3664-48CA-A332-1E2B40BB0E20}.Debug|x86.Build.0 = Debug|Any CPU
		{D02822BC-3664-48CA-A332-1E2B40BB0E20}.Release|Any CPU.ActiveCfg = Release|Any CPU
		{D02822BC-3664-48CA-A332-1E2B40BB0E20}.Release|Any CPU.Build.0 = Release|Any CPU
		{D02822BC-3664-48CA-A332-1E2B40BB0E20}.Release|ARM.ActiveCfg = Release|Any CPU
		{D02822BC-3664-48CA-A332-1E2B40BB0E20}.Release|x64.ActiveCfg = Release|Any CPU
		{D02822BC-3664-48CA-A332-1E2B40BB0E20}.Release|x86.ActiveCfg = Release|Any CPU
		{D2340702-766A-4A66-97EA-B0851969A260}.Debug|Any CPU.ActiveCfg = Debug|Any CPU
		{D2340702-766A-4A66-97EA-B0851969A260}.Debug|Any CPU.Build.0 = Debug|Any CPU
		{D2340702-766A-4A66-97EA-B0851969A260}.Debug|ARM.ActiveCfg = Debug|ARM
		{D2340702-766A-4A66-97EA-B0851969A260}.Debug|ARM.Build.0 = Debug|ARM
		{D2340702-766A-4A66-97EA-B0851969A260}.Debug|x64.ActiveCfg = Debug|Any CPU
		{D2340702-766A-4A66-97EA-B0851969A260}.Debug|x86.ActiveCfg = Debug|x86
		{D2340702-766A-4A66-97EA-B0851969A260}.Debug|x86.Build.0 = Debug|x86
		{D2340702-766A-4A66-97EA-B0851969A260}.Release|Any CPU.ActiveCfg = Release|Any CPU
		{D2340702-766A-4A66-97EA-B0851969A260}.Release|Any CPU.Build.0 = Release|Any CPU
		{D2340702-766A-4A66-97EA-B0851969A260}.Release|ARM.ActiveCfg = Release|ARM
		{D2340702-766A-4A66-97EA-B0851969A260}.Release|ARM.Build.0 = Release|ARM
		{D2340702-766A-4A66-97EA-B0851969A260}.Release|x64.ActiveCfg = Release|Any CPU
		{D2340702-766A-4A66-97EA-B0851969A260}.Release|x86.ActiveCfg = Release|x86
		{D2340702-766A-4A66-97EA-B0851969A260}.Release|x86.Build.0 = Release|x86
		{6B2F1A1B-DAD9-44B9-B2FF-C51DD95A257D}.Debug|Any CPU.ActiveCfg = Debug|Any CPU
		{6B2F1A1B-DAD9-44B9-B2FF-C51DD95A257D}.Debug|Any CPU.Build.0 = Debug|Any CPU
		{6B2F1A1B-DAD9-44B9-B2FF-C51DD95A257D}.Debug|ARM.ActiveCfg = Debug|ARM
		{6B2F1A1B-DAD9-44B9-B2FF-C51DD95A257D}.Debug|ARM.Build.0 = Debug|ARM
		{6B2F1A1B-DAD9-44B9-B2FF-C51DD95A257D}.Debug|x64.ActiveCfg = Debug|Any CPU
		{6B2F1A1B-DAD9-44B9-B2FF-C51DD95A257D}.Debug|x86.ActiveCfg = Debug|x86
		{6B2F1A1B-DAD9-44B9-B2FF-C51DD95A257D}.Debug|x86.Build.0 = Debug|x86
		{6B2F1A1B-DAD9-44B9-B2FF-C51DD95A257D}.Release|Any CPU.ActiveCfg = Release|Any CPU
		{6B2F1A1B-DAD9-44B9-B2FF-C51DD95A257D}.Release|Any CPU.Build.0 = Release|Any CPU
		{6B2F1A1B-DAD9-44B9-B2FF-C51DD95A257D}.Release|ARM.ActiveCfg = Release|ARM
		{6B2F1A1B-DAD9-44B9-B2FF-C51DD95A257D}.Release|ARM.Build.0 = Release|ARM
		{6B2F1A1B-DAD9-44B9-B2FF-C51DD95A257D}.Release|x64.ActiveCfg = Release|Any CPU
		{6B2F1A1B-DAD9-44B9-B2FF-C51DD95A257D}.Release|x86.ActiveCfg = Release|x86
		{6B2F1A1B-DAD9-44B9-B2FF-C51DD95A257D}.Release|x86.Build.0 = Release|x86
		{5846644E-AFC9-4473-9908-724F44F7584D}.Debug|Any CPU.ActiveCfg = Debug|Any CPU
		{5846644E-AFC9-4473-9908-724F44F7584D}.Debug|Any CPU.Build.0 = Debug|Any CPU
		{5846644E-AFC9-4473-9908-724F44F7584D}.Debug|ARM.ActiveCfg = Debug|ARM
		{5846644E-AFC9-4473-9908-724F44F7584D}.Debug|ARM.Build.0 = Debug|ARM
		{5846644E-AFC9-4473-9908-724F44F7584D}.Debug|x64.ActiveCfg = Debug|Any CPU
		{5846644E-AFC9-4473-9908-724F44F7584D}.Debug|x86.ActiveCfg = Debug|x86
		{5846644E-AFC9-4473-9908-724F44F7584D}.Debug|x86.Build.0 = Debug|x86
		{5846644E-AFC9-4473-9908-724F44F7584D}.Release|Any CPU.ActiveCfg = Release|Any CPU
		{5846644E-AFC9-4473-9908-724F44F7584D}.Release|Any CPU.Build.0 = Release|Any CPU
		{5846644E-AFC9-4473-9908-724F44F7584D}.Release|ARM.ActiveCfg = Release|ARM
		{5846644E-AFC9-4473-9908-724F44F7584D}.Release|ARM.Build.0 = Release|ARM
		{5846644E-AFC9-4473-9908-724F44F7584D}.Release|x64.ActiveCfg = Release|Any CPU
		{5846644E-AFC9-4473-9908-724F44F7584D}.Release|x86.ActiveCfg = Release|x86
		{5846644E-AFC9-4473-9908-724F44F7584D}.Release|x86.Build.0 = Release|x86
		{06634DC6-B909-4D93-A32B-9CE5F2C13DD8}.Debug|Any CPU.ActiveCfg = Debug|Any CPU
		{06634DC6-B909-4D93-A32B-9CE5F2C13DD8}.Debug|Any CPU.Build.0 = Debug|Any CPU
		{06634DC6-B909-4D93-A32B-9CE5F2C13DD8}.Debug|ARM.ActiveCfg = Debug|Any CPU
		{06634DC6-B909-4D93-A32B-9CE5F2C13DD8}.Debug|x64.ActiveCfg = Debug|Any CPU
		{06634DC6-B909-4D93-A32B-9CE5F2C13DD8}.Debug|x86.ActiveCfg = Debug|Any CPU
		{06634DC6-B909-4D93-A32B-9CE5F2C13DD8}.Release|Any CPU.ActiveCfg = Release|Any CPU
		{06634DC6-B909-4D93-A32B-9CE5F2C13DD8}.Release|Any CPU.Build.0 = Release|Any CPU
		{06634DC6-B909-4D93-A32B-9CE5F2C13DD8}.Release|ARM.ActiveCfg = Release|Any CPU
		{06634DC6-B909-4D93-A32B-9CE5F2C13DD8}.Release|x64.ActiveCfg = Release|Any CPU
		{06634DC6-B909-4D93-A32B-9CE5F2C13DD8}.Release|x86.ActiveCfg = Release|Any CPU
		{9FCFFE86-A57F-47A8-9DA3-7E0087254265}.Debug|Any CPU.ActiveCfg = Debug|Any CPU
		{9FCFFE86-A57F-47A8-9DA3-7E0087254265}.Debug|Any CPU.Build.0 = Debug|Any CPU
		{9FCFFE86-A57F-47A8-9DA3-7E0087254265}.Debug|ARM.ActiveCfg = Debug|ARM
		{9FCFFE86-A57F-47A8-9DA3-7E0087254265}.Debug|ARM.Build.0 = Debug|ARM
		{9FCFFE86-A57F-47A8-9DA3-7E0087254265}.Debug|x64.ActiveCfg = Debug|Any CPU
		{9FCFFE86-A57F-47A8-9DA3-7E0087254265}.Debug|x86.ActiveCfg = Debug|x86
		{9FCFFE86-A57F-47A8-9DA3-7E0087254265}.Debug|x86.Build.0 = Debug|x86
		{9FCFFE86-A57F-47A8-9DA3-7E0087254265}.Release|Any CPU.ActiveCfg = Release|Any CPU
		{9FCFFE86-A57F-47A8-9DA3-7E0087254265}.Release|Any CPU.Build.0 = Release|Any CPU
		{9FCFFE86-A57F-47A8-9DA3-7E0087254265}.Release|ARM.ActiveCfg = Release|ARM
		{9FCFFE86-A57F-47A8-9DA3-7E0087254265}.Release|ARM.Build.0 = Release|ARM
		{9FCFFE86-A57F-47A8-9DA3-7E0087254265}.Release|x64.ActiveCfg = Release|Any CPU
		{9FCFFE86-A57F-47A8-9DA3-7E0087254265}.Release|x86.ActiveCfg = Release|x86
		{9FCFFE86-A57F-47A8-9DA3-7E0087254265}.Release|x86.Build.0 = Release|x86
		{10A25EFD-F855-46B7-8D7C-2639B714DFA3}.Debug|Any CPU.ActiveCfg = Debug|Any CPU
		{10A25EFD-F855-46B7-8D7C-2639B714DFA3}.Debug|Any CPU.Build.0 = Debug|Any CPU
		{10A25EFD-F855-46B7-8D7C-2639B714DFA3}.Debug|Any CPU.Deploy.0 = Debug|Any CPU
		{10A25EFD-F855-46B7-8D7C-2639B714DFA3}.Debug|ARM.ActiveCfg = Debug|ARM
		{10A25EFD-F855-46B7-8D7C-2639B714DFA3}.Debug|ARM.Build.0 = Debug|ARM
		{10A25EFD-F855-46B7-8D7C-2639B714DFA3}.Debug|ARM.Deploy.0 = Debug|ARM
		{10A25EFD-F855-46B7-8D7C-2639B714DFA3}.Debug|x64.ActiveCfg = Debug|x64
		{10A25EFD-F855-46B7-8D7C-2639B714DFA3}.Debug|x64.Build.0 = Debug|x64
		{10A25EFD-F855-46B7-8D7C-2639B714DFA3}.Debug|x64.Deploy.0 = Debug|x64
		{10A25EFD-F855-46B7-8D7C-2639B714DFA3}.Debug|x86.ActiveCfg = Debug|x86
		{10A25EFD-F855-46B7-8D7C-2639B714DFA3}.Debug|x86.Build.0 = Debug|x86
		{10A25EFD-F855-46B7-8D7C-2639B714DFA3}.Debug|x86.Deploy.0 = Debug|x86
		{10A25EFD-F855-46B7-8D7C-2639B714DFA3}.Release|Any CPU.ActiveCfg = Release|Any CPU
		{10A25EFD-F855-46B7-8D7C-2639B714DFA3}.Release|Any CPU.Build.0 = Release|Any CPU
		{10A25EFD-F855-46B7-8D7C-2639B714DFA3}.Release|Any CPU.Deploy.0 = Release|Any CPU
		{10A25EFD-F855-46B7-8D7C-2639B714DFA3}.Release|ARM.ActiveCfg = Release|ARM
		{10A25EFD-F855-46B7-8D7C-2639B714DFA3}.Release|ARM.Build.0 = Release|ARM
		{10A25EFD-F855-46B7-8D7C-2639B714DFA3}.Release|ARM.Deploy.0 = Release|ARM
		{10A25EFD-F855-46B7-8D7C-2639B714DFA3}.Release|x64.ActiveCfg = Release|x64
		{10A25EFD-F855-46B7-8D7C-2639B714DFA3}.Release|x64.Build.0 = Release|x64
		{10A25EFD-F855-46B7-8D7C-2639B714DFA3}.Release|x64.Deploy.0 = Release|x64
		{10A25EFD-F855-46B7-8D7C-2639B714DFA3}.Release|x86.ActiveCfg = Release|x86
		{10A25EFD-F855-46B7-8D7C-2639B714DFA3}.Release|x86.Build.0 = Release|x86
		{10A25EFD-F855-46B7-8D7C-2639B714DFA3}.Release|x86.Deploy.0 = Release|x86
		{7DFBFC27-74C2-469F-B519-0D4D70F5D23B}.Debug|Any CPU.ActiveCfg = Debug|Any CPU
		{7DFBFC27-74C2-469F-B519-0D4D70F5D23B}.Debug|Any CPU.Build.0 = Debug|Any CPU
		{7DFBFC27-74C2-469F-B519-0D4D70F5D23B}.Debug|Any CPU.Deploy.0 = Debug|Any CPU
		{7DFBFC27-74C2-469F-B519-0D4D70F5D23B}.Debug|ARM.ActiveCfg = Debug|ARM
		{7DFBFC27-74C2-469F-B519-0D4D70F5D23B}.Debug|ARM.Build.0 = Debug|ARM
		{7DFBFC27-74C2-469F-B519-0D4D70F5D23B}.Debug|ARM.Deploy.0 = Debug|ARM
		{7DFBFC27-74C2-469F-B519-0D4D70F5D23B}.Debug|x64.ActiveCfg = Debug|Any CPU
		{7DFBFC27-74C2-469F-B519-0D4D70F5D23B}.Debug|x86.ActiveCfg = Debug|x86
		{7DFBFC27-74C2-469F-B519-0D4D70F5D23B}.Debug|x86.Build.0 = Debug|x86
		{7DFBFC27-74C2-469F-B519-0D4D70F5D23B}.Debug|x86.Deploy.0 = Debug|x86
		{7DFBFC27-74C2-469F-B519-0D4D70F5D23B}.Release|Any CPU.ActiveCfg = Release|Any CPU
		{7DFBFC27-74C2-469F-B519-0D4D70F5D23B}.Release|Any CPU.Build.0 = Release|Any CPU
		{7DFBFC27-74C2-469F-B519-0D4D70F5D23B}.Release|Any CPU.Deploy.0 = Release|Any CPU
		{7DFBFC27-74C2-469F-B519-0D4D70F5D23B}.Release|ARM.ActiveCfg = Release|ARM
		{7DFBFC27-74C2-469F-B519-0D4D70F5D23B}.Release|ARM.Build.0 = Release|ARM
		{7DFBFC27-74C2-469F-B519-0D4D70F5D23B}.Release|ARM.Deploy.0 = Release|ARM
		{7DFBFC27-74C2-469F-B519-0D4D70F5D23B}.Release|x64.ActiveCfg = Release|Any CPU
		{7DFBFC27-74C2-469F-B519-0D4D70F5D23B}.Release|x86.ActiveCfg = Release|x86
		{7DFBFC27-74C2-469F-B519-0D4D70F5D23B}.Release|x86.Build.0 = Release|x86
		{7DFBFC27-74C2-469F-B519-0D4D70F5D23B}.Release|x86.Deploy.0 = Release|x86
		{B751B1DC-8712-45EE-B820-42631C9B2F2E}.Debug|Any CPU.ActiveCfg = Debug|Any CPU
		{B751B1DC-8712-45EE-B820-42631C9B2F2E}.Debug|Any CPU.Build.0 = Debug|Any CPU
		{B751B1DC-8712-45EE-B820-42631C9B2F2E}.Debug|ARM.ActiveCfg = Debug|Any CPU
		{B751B1DC-8712-45EE-B820-42631C9B2F2E}.Debug|x64.ActiveCfg = Debug|Any CPU
		{B751B1DC-8712-45EE-B820-42631C9B2F2E}.Debug|x86.ActiveCfg = Debug|Any CPU
		{B751B1DC-8712-45EE-B820-42631C9B2F2E}.Release|Any CPU.ActiveCfg = Release|Any CPU
		{B751B1DC-8712-45EE-B820-42631C9B2F2E}.Release|Any CPU.Build.0 = Release|Any CPU
		{B751B1DC-8712-45EE-B820-42631C9B2F2E}.Release|ARM.ActiveCfg = Release|Any CPU
		{B751B1DC-8712-45EE-B820-42631C9B2F2E}.Release|x64.ActiveCfg = Release|Any CPU
		{B751B1DC-8712-45EE-B820-42631C9B2F2E}.Release|x86.ActiveCfg = Release|Any CPU
		{8E27B9F7-AF62-4479-9A2E-0E834BB04DEE}.Debug|Any CPU.ActiveCfg = Debug|Any CPU
		{8E27B9F7-AF62-4479-9A2E-0E834BB04DEE}.Debug|Any CPU.Build.0 = Debug|Any CPU
		{8E27B9F7-AF62-4479-9A2E-0E834BB04DEE}.Debug|ARM.ActiveCfg = Debug|Any CPU
		{8E27B9F7-AF62-4479-9A2E-0E834BB04DEE}.Debug|x64.ActiveCfg = Debug|Any CPU
		{8E27B9F7-AF62-4479-9A2E-0E834BB04DEE}.Debug|x86.ActiveCfg = Debug|Any CPU
		{8E27B9F7-AF62-4479-9A2E-0E834BB04DEE}.Release|Any CPU.ActiveCfg = Release|Any CPU
		{8E27B9F7-AF62-4479-9A2E-0E834BB04DEE}.Release|Any CPU.Build.0 = Release|Any CPU
		{8E27B9F7-AF62-4479-9A2E-0E834BB04DEE}.Release|ARM.ActiveCfg = Release|Any CPU
		{8E27B9F7-AF62-4479-9A2E-0E834BB04DEE}.Release|x64.ActiveCfg = Release|Any CPU
		{8E27B9F7-AF62-4479-9A2E-0E834BB04DEE}.Release|x86.ActiveCfg = Release|Any CPU
		{E278499A-0F11-43BC-BF2A-61FBA3029E36}.Debug|Any CPU.ActiveCfg = Debug|Any CPU
		{E278499A-0F11-43BC-BF2A-61FBA3029E36}.Debug|Any CPU.Build.0 = Debug|Any CPU
		{E278499A-0F11-43BC-BF2A-61FBA3029E36}.Debug|Any CPU.Deploy.0 = Debug|Any CPU
		{E278499A-0F11-43BC-BF2A-61FBA3029E36}.Debug|ARM.ActiveCfg = Debug|ARM
		{E278499A-0F11-43BC-BF2A-61FBA3029E36}.Debug|ARM.Build.0 = Debug|ARM
		{E278499A-0F11-43BC-BF2A-61FBA3029E36}.Debug|ARM.Deploy.0 = Debug|ARM
		{E278499A-0F11-43BC-BF2A-61FBA3029E36}.Debug|x64.ActiveCfg = Debug|x64
		{E278499A-0F11-43BC-BF2A-61FBA3029E36}.Debug|x64.Build.0 = Debug|x64
		{E278499A-0F11-43BC-BF2A-61FBA3029E36}.Debug|x64.Deploy.0 = Debug|x64
		{E278499A-0F11-43BC-BF2A-61FBA3029E36}.Debug|x86.ActiveCfg = Debug|x86
		{E278499A-0F11-43BC-BF2A-61FBA3029E36}.Debug|x86.Build.0 = Debug|x86
		{E278499A-0F11-43BC-BF2A-61FBA3029E36}.Debug|x86.Deploy.0 = Debug|x86
		{E278499A-0F11-43BC-BF2A-61FBA3029E36}.Release|Any CPU.ActiveCfg = Release|Any CPU
		{E278499A-0F11-43BC-BF2A-61FBA3029E36}.Release|Any CPU.Build.0 = Release|Any CPU
		{E278499A-0F11-43BC-BF2A-61FBA3029E36}.Release|Any CPU.Deploy.0 = Release|Any CPU
		{E278499A-0F11-43BC-BF2A-61FBA3029E36}.Release|ARM.ActiveCfg = Release|ARM
		{E278499A-0F11-43BC-BF2A-61FBA3029E36}.Release|ARM.Build.0 = Release|ARM
		{E278499A-0F11-43BC-BF2A-61FBA3029E36}.Release|ARM.Deploy.0 = Release|ARM
		{E278499A-0F11-43BC-BF2A-61FBA3029E36}.Release|x64.ActiveCfg = Release|x64
		{E278499A-0F11-43BC-BF2A-61FBA3029E36}.Release|x64.Build.0 = Release|x64
		{E278499A-0F11-43BC-BF2A-61FBA3029E36}.Release|x64.Deploy.0 = Release|x64
		{E278499A-0F11-43BC-BF2A-61FBA3029E36}.Release|x86.ActiveCfg = Release|x86
		{E278499A-0F11-43BC-BF2A-61FBA3029E36}.Release|x86.Build.0 = Release|x86
		{E278499A-0F11-43BC-BF2A-61FBA3029E36}.Release|x86.Deploy.0 = Release|x86
		{B19D6357-FF08-4040-977C-7676E1FF4AF2}.Debug|Any CPU.ActiveCfg = Debug|Any CPU
		{B19D6357-FF08-4040-977C-7676E1FF4AF2}.Debug|Any CPU.Build.0 = Debug|Any CPU
		{B19D6357-FF08-4040-977C-7676E1FF4AF2}.Debug|ARM.ActiveCfg = Debug|ARM
		{B19D6357-FF08-4040-977C-7676E1FF4AF2}.Debug|ARM.Build.0 = Debug|ARM
		{B19D6357-FF08-4040-977C-7676E1FF4AF2}.Debug|x64.ActiveCfg = Debug|x64
		{B19D6357-FF08-4040-977C-7676E1FF4AF2}.Debug|x64.Build.0 = Debug|x64
		{B19D6357-FF08-4040-977C-7676E1FF4AF2}.Debug|x86.ActiveCfg = Debug|x86
		{B19D6357-FF08-4040-977C-7676E1FF4AF2}.Debug|x86.Build.0 = Debug|x86
		{B19D6357-FF08-4040-977C-7676E1FF4AF2}.Release|Any CPU.ActiveCfg = Release|Any CPU
		{B19D6357-FF08-4040-977C-7676E1FF4AF2}.Release|Any CPU.Build.0 = Release|Any CPU
		{B19D6357-FF08-4040-977C-7676E1FF4AF2}.Release|ARM.ActiveCfg = Release|ARM
		{B19D6357-FF08-4040-977C-7676E1FF4AF2}.Release|ARM.Build.0 = Release|ARM
		{B19D6357-FF08-4040-977C-7676E1FF4AF2}.Release|x64.ActiveCfg = Release|x64
		{B19D6357-FF08-4040-977C-7676E1FF4AF2}.Release|x64.Build.0 = Release|x64
		{B19D6357-FF08-4040-977C-7676E1FF4AF2}.Release|x86.ActiveCfg = Release|x86
		{B19D6357-FF08-4040-977C-7676E1FF4AF2}.Release|x86.Build.0 = Release|x86
	EndGlobalSection
	GlobalSection(SolutionProperties) = preSolution
		HideSolutionNode = FALSE
	EndGlobalSection
	GlobalSection(NestedProjects) = preSolution
		{D2D485CD-2EAD-48ED-A8CD-ABE6971C6D63} = {A60534A9-D488-4302-B7EE-7682734ECB4A}
		{4B04FFB2-72C6-4E69-B109-503762D4A349} = {A60534A9-D488-4302-B7EE-7682734ECB4A}
		{B7B7C861-3C9D-4E1F-AB07-3F60FB4A181B} = {A60534A9-D488-4302-B7EE-7682734ECB4A}
		{5FC2037D-D2C5-421F-936E-74E4FE1D7639} = {BE1D08FD-04FF-4717-BC96-58BA7600FFC9}
		{6179242A-BB3C-4799-AA4C-11F7A1C9B3F2} = {A60534A9-D488-4302-B7EE-7682734ECB4A}
		{A0A262F6-B8E6-489C-80BF-82F08262FAE7} = {A60534A9-D488-4302-B7EE-7682734ECB4A}
		{33D96D0A-148E-4CAF-802C-CD03000A409E} = {BE1D08FD-04FF-4717-BC96-58BA7600FFC9}
		{4C1581BD-7EF2-4851-B187-038B7CD430FF} = {A60534A9-D488-4302-B7EE-7682734ECB4A}
		{FB11610D-ADCE-40BE-9B90-689C69E10F62} = {BE1D08FD-04FF-4717-BC96-58BA7600FFC9}
		{6F94D313-F7D8-4440-95F4-302FD9B7436E} = {A60534A9-D488-4302-B7EE-7682734ECB4A}
		{7CE4FEB5-C348-4296-9CB2-9AF01A335828} = {A60534A9-D488-4302-B7EE-7682734ECB4A}
		{399D86B7-378F-4775-B20A-FB7414B04A63} = {BE1D08FD-04FF-4717-BC96-58BA7600FFC9}
		{9778EEDE-FB58-4A78-A2C0-45571443806D} = {A60534A9-D488-4302-B7EE-7682734ECB4A}
		{D02822BC-3664-48CA-A332-1E2B40BB0E20} = {A60534A9-D488-4302-B7EE-7682734ECB4A}
		{D2340702-766A-4A66-97EA-B0851969A260} = {A60534A9-D488-4302-B7EE-7682734ECB4A}
		{6B2F1A1B-DAD9-44B9-B2FF-C51DD95A257D} = {A60534A9-D488-4302-B7EE-7682734ECB4A}
		{5846644E-AFC9-4473-9908-724F44F7584D} = {A60534A9-D488-4302-B7EE-7682734ECB4A}
		{06634DC6-B909-4D93-A32B-9CE5F2C13DD8} = {A60534A9-D488-4302-B7EE-7682734ECB4A}
		{9FCFFE86-A57F-47A8-9DA3-7E0087254265} = {A60534A9-D488-4302-B7EE-7682734ECB4A}
		{18E1A521-FFF9-4341-96B9-75ABC2D8CC06} = {7C52ADB7-99FB-4133-A53E-D4AAED737928}
		{EE3FC4E5-BF52-47E9-B7EE-5614B8E97489} = {18E1A521-FFF9-4341-96B9-75ABC2D8CC06}
		{10A25EFD-F855-46B7-8D7C-2639B714DFA3} = {18E1A521-FFF9-4341-96B9-75ABC2D8CC06}
		{7DFBFC27-74C2-469F-B519-0D4D70F5D23B} = {18E1A521-FFF9-4341-96B9-75ABC2D8CC06}
		{B751B1DC-8712-45EE-B820-42631C9B2F2E} = {A60534A9-D488-4302-B7EE-7682734ECB4A}
		{8E27B9F7-AF62-4479-9A2E-0E834BB04DEE} = {A60534A9-D488-4302-B7EE-7682734ECB4A}
		{E278499A-0F11-43BC-BF2A-61FBA3029E36} = {BE1D08FD-04FF-4717-BC96-58BA7600FFC9}
		{B19D6357-FF08-4040-977C-7676E1FF4AF2} = {A60534A9-D488-4302-B7EE-7682734ECB4A}
	EndGlobalSection
EndGlobal
